
Microsoft Visual Studio Solution File, Format Version 12.00
# Visual Studio 15
VisualStudioVersion = 15.0.27703.2018
MinimumVisualStudioVersion = 10.0.40219.1
Project("{FAE04EC0-301F-11D3-BF4B-00C04F79EFBC}") = "ConfessionSearchApp", "ConfessionSearchApp\ConfessionSearchApp.csproj", "{4640318C-F44E-4E06-8906-06A3BFC8B746}"
EndProject
Project("{FAE04EC0-301F-11D3-BF4B-00C04F79EFBC}") = "LibGList", "LibGList\LibGList.csproj", "{C6D2B098-5146-4B7F-B9CE-B14532895810}"
EndProject
Project("{FAE04EC0-301F-11D3-BF4B-00C04F79EFBC}") = "DialogWindow", "DialogWindow\DialogWindow.csproj", "{F12C3E7C-97AB-42F1-B8C2-8B5EE2EAF58D}"
EndProject
Project("{FAE04EC0-301F-11D3-BF4B-00C04F79EFBC}") = "ConfessionSearchApp2", "ConfessionSearchApp2\ConfessionSearchApp2.csproj", "{3BC0AC7E-3B3B-4D3F-9CC0-B2BDECC460A6}"
EndProject
Project("{FAE04EC0-301F-11D3-BF4B-00C04F79EFBC}") = "DocumentLibrary", "DocumentLibrary\DocumentLibrary.csproj", "{D4833991-A2F4-4A4D-ADF8-1E7B8362A285}"
EndProject
Project("{FAE04EC0-301F-11D3-BF4B-00C04F79EFBC}") = "AlertDialogBuilder", "AlertDialogBuilder\AlertDialogBuilder.csproj", "{A578EF33-FF0C-43C8-9DFB-4E17D7B17E8C}"
EndProject
Project("{FAE04EC0-301F-11D3-BF4B-00C04F79EFBC}") = "MathApp", "MathApp\MathApp.csproj", "{C46999EA-5718-4A69-9544-3BC78DC06B1E}"
EndProject
Global
	GlobalSection(SolutionConfigurationPlatforms) = preSolution
		Ad-Hoc|Any CPU = Ad-Hoc|Any CPU
		Ad-Hoc|iPhone = Ad-Hoc|iPhone
		Ad-Hoc|iPhoneSimulator = Ad-Hoc|iPhoneSimulator
		AppStore|Any CPU = AppStore|Any CPU
		AppStore|iPhone = AppStore|iPhone
		AppStore|iPhoneSimulator = AppStore|iPhoneSimulator
		Debug|Any CPU = Debug|Any CPU
		Debug|iPhone = Debug|iPhone
		Debug|iPhoneSimulator = Debug|iPhoneSimulator
		Release|Any CPU = Release|Any CPU
		Release|iPhone = Release|iPhone
		Release|iPhoneSimulator = Release|iPhoneSimulator
	EndGlobalSection
	GlobalSection(ProjectConfigurationPlatforms) = postSolution
		{4640318C-F44E-4E06-8906-06A3BFC8B746}.Ad-Hoc|Any CPU.ActiveCfg = Release|Any CPU
		{4640318C-F44E-4E06-8906-06A3BFC8B746}.Ad-Hoc|Any CPU.Build.0 = Release|Any CPU
		{4640318C-F44E-4E06-8906-06A3BFC8B746}.Ad-Hoc|Any CPU.Deploy.0 = Release|Any CPU
		{4640318C-F44E-4E06-8906-06A3BFC8B746}.Ad-Hoc|iPhone.ActiveCfg = Release|Any CPU
		{4640318C-F44E-4E06-8906-06A3BFC8B746}.Ad-Hoc|iPhone.Build.0 = Release|Any CPU
		{4640318C-F44E-4E06-8906-06A3BFC8B746}.Ad-Hoc|iPhone.Deploy.0 = Release|Any CPU
		{4640318C-F44E-4E06-8906-06A3BFC8B746}.Ad-Hoc|iPhoneSimulator.ActiveCfg = Release|Any CPU
		{4640318C-F44E-4E06-8906-06A3BFC8B746}.Ad-Hoc|iPhoneSimulator.Build.0 = Release|Any CPU
		{4640318C-F44E-4E06-8906-06A3BFC8B746}.Ad-Hoc|iPhoneSimulator.Deploy.0 = Release|Any CPU
		{4640318C-F44E-4E06-8906-06A3BFC8B746}.AppStore|Any CPU.ActiveCfg = Release|Any CPU
		{4640318C-F44E-4E06-8906-06A3BFC8B746}.AppStore|Any CPU.Build.0 = Release|Any CPU
		{4640318C-F44E-4E06-8906-06A3BFC8B746}.AppStore|Any CPU.Deploy.0 = Release|Any CPU
		{4640318C-F44E-4E06-8906-06A3BFC8B746}.AppStore|iPhone.ActiveCfg = Release|Any CPU
		{4640318C-F44E-4E06-8906-06A3BFC8B746}.AppStore|iPhone.Build.0 = Release|Any CPU
		{4640318C-F44E-4E06-8906-06A3BFC8B746}.AppStore|iPhone.Deploy.0 = Release|Any CPU
		{4640318C-F44E-4E06-8906-06A3BFC8B746}.AppStore|iPhoneSimulator.ActiveCfg = Release|Any CPU
		{4640318C-F44E-4E06-8906-06A3BFC8B746}.AppStore|iPhoneSimulator.Build.0 = Release|Any CPU
		{4640318C-F44E-4E06-8906-06A3BFC8B746}.AppStore|iPhoneSimulator.Deploy.0 = Release|Any CPU
		{4640318C-F44E-4E06-8906-06A3BFC8B746}.Debug|Any CPU.ActiveCfg = Debug|Any CPU
		{4640318C-F44E-4E06-8906-06A3BFC8B746}.Debug|Any CPU.Build.0 = Debug|Any CPU
		{4640318C-F44E-4E06-8906-06A3BFC8B746}.Debug|Any CPU.Deploy.0 = Debug|Any CPU
		{4640318C-F44E-4E06-8906-06A3BFC8B746}.Debug|iPhone.ActiveCfg = Debug|Any CPU
		{4640318C-F44E-4E06-8906-06A3BFC8B746}.Debug|iPhone.Build.0 = Debug|Any CPU
		{4640318C-F44E-4E06-8906-06A3BFC8B746}.Debug|iPhone.Deploy.0 = Debug|Any CPU
		{4640318C-F44E-4E06-8906-06A3BFC8B746}.Debug|iPhoneSimulator.ActiveCfg = Debug|Any CPU
		{4640318C-F44E-4E06-8906-06A3BFC8B746}.Debug|iPhoneSimulator.Build.0 = Debug|Any CPU
		{4640318C-F44E-4E06-8906-06A3BFC8B746}.Debug|iPhoneSimulator.Deploy.0 = Debug|Any CPU
		{4640318C-F44E-4E06-8906-06A3BFC8B746}.Release|Any CPU.ActiveCfg = Release|Any CPU
		{4640318C-F44E-4E06-8906-06A3BFC8B746}.Release|Any CPU.Build.0 = Release|Any CPU
		{4640318C-F44E-4E06-8906-06A3BFC8B746}.Release|Any CPU.Deploy.0 = Release|Any CPU
		{4640318C-F44E-4E06-8906-06A3BFC8B746}.Release|iPhone.ActiveCfg = Release|Any CPU
		{4640318C-F44E-4E06-8906-06A3BFC8B746}.Release|iPhone.Build.0 = Release|Any CPU
		{4640318C-F44E-4E06-8906-06A3BFC8B746}.Release|iPhone.Deploy.0 = Release|Any CPU
		{4640318C-F44E-4E06-8906-06A3BFC8B746}.Release|iPhoneSimulator.ActiveCfg = Release|Any CPU
		{4640318C-F44E-4E06-8906-06A3BFC8B746}.Release|iPhoneSimulator.Build.0 = Release|Any CPU
		{4640318C-F44E-4E06-8906-06A3BFC8B746}.Release|iPhoneSimulator.Deploy.0 = Release|Any CPU
		{C6D2B098-5146-4B7F-B9CE-B14532895810}.Ad-Hoc|Any CPU.ActiveCfg = Release|Any CPU
		{C6D2B098-5146-4B7F-B9CE-B14532895810}.Ad-Hoc|Any CPU.Build.0 = Release|Any CPU
		{C6D2B098-5146-4B7F-B9CE-B14532895810}.Ad-Hoc|iPhone.ActiveCfg = Release|Any CPU
		{C6D2B098-5146-4B7F-B9CE-B14532895810}.Ad-Hoc|iPhone.Build.0 = Release|Any CPU
		{C6D2B098-5146-4B7F-B9CE-B14532895810}.Ad-Hoc|iPhoneSimulator.ActiveCfg = Release|Any CPU
		{C6D2B098-5146-4B7F-B9CE-B14532895810}.Ad-Hoc|iPhoneSimulator.Build.0 = Release|Any CPU
		{C6D2B098-5146-4B7F-B9CE-B14532895810}.AppStore|Any CPU.ActiveCfg = Release|Any CPU
		{C6D2B098-5146-4B7F-B9CE-B14532895810}.AppStore|Any CPU.Build.0 = Release|Any CPU
		{C6D2B098-5146-4B7F-B9CE-B14532895810}.AppStore|iPhone.ActiveCfg = Release|Any CPU
		{C6D2B098-5146-4B7F-B9CE-B14532895810}.AppStore|iPhone.Build.0 = Release|Any CPU
		{C6D2B098-5146-4B7F-B9CE-B14532895810}.AppStore|iPhoneSimulator.ActiveCfg = Release|Any CPU
		{C6D2B098-5146-4B7F-B9CE-B14532895810}.AppStore|iPhoneSimulator.Build.0 = Release|Any CPU
		{C6D2B098-5146-4B7F-B9CE-B14532895810}.Debug|Any CPU.ActiveCfg = Debug|Any CPU
		{C6D2B098-5146-4B7F-B9CE-B14532895810}.Debug|Any CPU.Build.0 = Debug|Any CPU
		{C6D2B098-5146-4B7F-B9CE-B14532895810}.Debug|iPhone.ActiveCfg = Debug|Any CPU
		{C6D2B098-5146-4B7F-B9CE-B14532895810}.Debug|iPhone.Build.0 = Debug|Any CPU
		{C6D2B098-5146-4B7F-B9CE-B14532895810}.Debug|iPhoneSimulator.ActiveCfg = Debug|Any CPU
		{C6D2B098-5146-4B7F-B9CE-B14532895810}.Debug|iPhoneSimulator.Build.0 = Debug|Any CPU
		{C6D2B098-5146-4B7F-B9CE-B14532895810}.Release|Any CPU.ActiveCfg = Release|Any CPU
		{C6D2B098-5146-4B7F-B9CE-B14532895810}.Release|Any CPU.Build.0 = Release|Any CPU
		{C6D2B098-5146-4B7F-B9CE-B14532895810}.Release|iPhone.ActiveCfg = Release|Any CPU
		{C6D2B098-5146-4B7F-B9CE-B14532895810}.Release|iPhone.Build.0 = Release|Any CPU
		{C6D2B098-5146-4B7F-B9CE-B14532895810}.Release|iPhoneSimulator.ActiveCfg = Release|Any CPU
		{C6D2B098-5146-4B7F-B9CE-B14532895810}.Release|iPhoneSimulator.Build.0 = Release|Any CPU
		{F12C3E7C-97AB-42F1-B8C2-8B5EE2EAF58D}.Ad-Hoc|Any CPU.ActiveCfg = Release|Any CPU
		{F12C3E7C-97AB-42F1-B8C2-8B5EE2EAF58D}.Ad-Hoc|Any CPU.Build.0 = Release|Any CPU
		{F12C3E7C-97AB-42F1-B8C2-8B5EE2EAF58D}.Ad-Hoc|iPhone.ActiveCfg = Release|Any CPU
		{F12C3E7C-97AB-42F1-B8C2-8B5EE2EAF58D}.Ad-Hoc|iPhone.Build.0 = Release|Any CPU
		{F12C3E7C-97AB-42F1-B8C2-8B5EE2EAF58D}.Ad-Hoc|iPhoneSimulator.ActiveCfg = Release|Any CPU
		{F12C3E7C-97AB-42F1-B8C2-8B5EE2EAF58D}.Ad-Hoc|iPhoneSimulator.Build.0 = Release|Any CPU
		{F12C3E7C-97AB-42F1-B8C2-8B5EE2EAF58D}.AppStore|Any CPU.ActiveCfg = Release|Any CPU
		{F12C3E7C-97AB-42F1-B8C2-8B5EE2EAF58D}.AppStore|Any CPU.Build.0 = Release|Any CPU
		{F12C3E7C-97AB-42F1-B8C2-8B5EE2EAF58D}.AppStore|iPhone.ActiveCfg = Release|Any CPU
		{F12C3E7C-97AB-42F1-B8C2-8B5EE2EAF58D}.AppStore|iPhone.Build.0 = Release|Any CPU
		{F12C3E7C-97AB-42F1-B8C2-8B5EE2EAF58D}.AppStore|iPhoneSimulator.ActiveCfg = Release|Any CPU
		{F12C3E7C-97AB-42F1-B8C2-8B5EE2EAF58D}.AppStore|iPhoneSimulator.Build.0 = Release|Any CPU
		{F12C3E7C-97AB-42F1-B8C2-8B5EE2EAF58D}.Debug|Any CPU.ActiveCfg = Debug|Any CPU
		{F12C3E7C-97AB-42F1-B8C2-8B5EE2EAF58D}.Debug|Any CPU.Build.0 = Debug|Any CPU
		{F12C3E7C-97AB-42F1-B8C2-8B5EE2EAF58D}.Debug|iPhone.ActiveCfg = Debug|Any CPU
		{F12C3E7C-97AB-42F1-B8C2-8B5EE2EAF58D}.Debug|iPhone.Build.0 = Debug|Any CPU
		{F12C3E7C-97AB-42F1-B8C2-8B5EE2EAF58D}.Debug|iPhoneSimulator.ActiveCfg = Debug|Any CPU
		{F12C3E7C-97AB-42F1-B8C2-8B5EE2EAF58D}.Debug|iPhoneSimulator.Build.0 = Debug|Any CPU
		{F12C3E7C-97AB-42F1-B8C2-8B5EE2EAF58D}.Release|Any CPU.ActiveCfg = Release|Any CPU
		{F12C3E7C-97AB-42F1-B8C2-8B5EE2EAF58D}.Release|Any CPU.Build.0 = Release|Any CPU
		{F12C3E7C-97AB-42F1-B8C2-8B5EE2EAF58D}.Release|iPhone.ActiveCfg = Release|Any CPU
		{F12C3E7C-97AB-42F1-B8C2-8B5EE2EAF58D}.Release|iPhone.Build.0 = Release|Any CPU
		{F12C3E7C-97AB-42F1-B8C2-8B5EE2EAF58D}.Release|iPhoneSimulator.ActiveCfg = Release|Any CPU
		{F12C3E7C-97AB-42F1-B8C2-8B5EE2EAF58D}.Release|iPhoneSimulator.Build.0 = Release|Any CPU
		{3BC0AC7E-3B3B-4D3F-9CC0-B2BDECC460A6}.Ad-Hoc|Any CPU.ActiveCfg = Release|Any CPU
		{3BC0AC7E-3B3B-4D3F-9CC0-B2BDECC460A6}.Ad-Hoc|Any CPU.Build.0 = Release|Any CPU
		{3BC0AC7E-3B3B-4D3F-9CC0-B2BDECC460A6}.Ad-Hoc|Any CPU.Deploy.0 = Release|Any CPU
		{3BC0AC7E-3B3B-4D3F-9CC0-B2BDECC460A6}.Ad-Hoc|iPhone.ActiveCfg = Release|Any CPU
		{3BC0AC7E-3B3B-4D3F-9CC0-B2BDECC460A6}.Ad-Hoc|iPhone.Build.0 = Release|Any CPU
		{3BC0AC7E-3B3B-4D3F-9CC0-B2BDECC460A6}.Ad-Hoc|iPhone.Deploy.0 = Release|Any CPU
		{3BC0AC7E-3B3B-4D3F-9CC0-B2BDECC460A6}.Ad-Hoc|iPhoneSimulator.ActiveCfg = Release|Any CPU
		{3BC0AC7E-3B3B-4D3F-9CC0-B2BDECC460A6}.Ad-Hoc|iPhoneSimulator.Build.0 = Release|Any CPU
		{3BC0AC7E-3B3B-4D3F-9CC0-B2BDECC460A6}.Ad-Hoc|iPhoneSimulator.Deploy.0 = Release|Any CPU
		{3BC0AC7E-3B3B-4D3F-9CC0-B2BDECC460A6}.AppStore|Any CPU.ActiveCfg = Release|Any CPU
		{3BC0AC7E-3B3B-4D3F-9CC0-B2BDECC460A6}.AppStore|Any CPU.Build.0 = Release|Any CPU
		{3BC0AC7E-3B3B-4D3F-9CC0-B2BDECC460A6}.AppStore|Any CPU.Deploy.0 = Release|Any CPU
		{3BC0AC7E-3B3B-4D3F-9CC0-B2BDECC460A6}.AppStore|iPhone.ActiveCfg = Release|Any CPU
		{3BC0AC7E-3B3B-4D3F-9CC0-B2BDECC460A6}.AppStore|iPhone.Build.0 = Release|Any CPU
		{3BC0AC7E-3B3B-4D3F-9CC0-B2BDECC460A6}.AppStore|iPhone.Deploy.0 = Release|Any CPU
		{3BC0AC7E-3B3B-4D3F-9CC0-B2BDECC460A6}.AppStore|iPhoneSimulator.ActiveCfg = Release|Any CPU
		{3BC0AC7E-3B3B-4D3F-9CC0-B2BDECC460A6}.AppStore|iPhoneSimulator.Build.0 = Release|Any CPU
		{3BC0AC7E-3B3B-4D3F-9CC0-B2BDECC460A6}.AppStore|iPhoneSimulator.Deploy.0 = Release|Any CPU
		{3BC0AC7E-3B3B-4D3F-9CC0-B2BDECC460A6}.Debug|Any CPU.ActiveCfg = Debug|Any CPU
		{3BC0AC7E-3B3B-4D3F-9CC0-B2BDECC460A6}.Debug|Any CPU.Build.0 = Debug|Any CPU
		{3BC0AC7E-3B3B-4D3F-9CC0-B2BDECC460A6}.Debug|Any CPU.Deploy.0 = Debug|Any CPU
		{3BC0AC7E-3B3B-4D3F-9CC0-B2BDECC460A6}.Debug|iPhone.ActiveCfg = Debug|Any CPU
		{3BC0AC7E-3B3B-4D3F-9CC0-B2BDECC460A6}.Debug|iPhone.Build.0 = Debug|Any CPU
		{3BC0AC7E-3B3B-4D3F-9CC0-B2BDECC460A6}.Debug|iPhone.Deploy.0 = Debug|Any CPU
		{3BC0AC7E-3B3B-4D3F-9CC0-B2BDECC460A6}.Debug|iPhoneSimulator.ActiveCfg = Debug|Any CPU
		{3BC0AC7E-3B3B-4D3F-9CC0-B2BDECC460A6}.Debug|iPhoneSimulator.Build.0 = Debug|Any CPU
		{3BC0AC7E-3B3B-4D3F-9CC0-B2BDECC460A6}.Debug|iPhoneSimulator.Deploy.0 = Debug|Any CPU
		{3BC0AC7E-3B3B-4D3F-9CC0-B2BDECC460A6}.Release|Any CPU.ActiveCfg = Release|Any CPU
		{3BC0AC7E-3B3B-4D3F-9CC0-B2BDECC460A6}.Release|Any CPU.Build.0 = Release|Any CPU
		{3BC0AC7E-3B3B-4D3F-9CC0-B2BDECC460A6}.Release|Any CPU.Deploy.0 = Release|Any CPU
		{3BC0AC7E-3B3B-4D3F-9CC0-B2BDECC460A6}.Release|iPhone.ActiveCfg = Release|Any CPU
		{3BC0AC7E-3B3B-4D3F-9CC0-B2BDECC460A6}.Release|iPhone.Build.0 = Release|Any CPU
		{3BC0AC7E-3B3B-4D3F-9CC0-B2BDECC460A6}.Release|iPhone.Deploy.0 = Release|Any CPU
		{3BC0AC7E-3B3B-4D3F-9CC0-B2BDECC460A6}.Release|iPhoneSimulator.ActiveCfg = Release|Any CPU
		{3BC0AC7E-3B3B-4D3F-9CC0-B2BDECC460A6}.Release|iPhoneSimulator.Build.0 = Release|Any CPU
		{3BC0AC7E-3B3B-4D3F-9CC0-B2BDECC460A6}.Release|iPhoneSimulator.Deploy.0 = Release|Any CPU
		{D4833991-A2F4-4A4D-ADF8-1E7B8362A285}.Ad-Hoc|Any CPU.ActiveCfg = Release|Any CPU
		{D4833991-A2F4-4A4D-ADF8-1E7B8362A285}.Ad-Hoc|Any CPU.Build.0 = Release|Any CPU
		{D4833991-A2F4-4A4D-ADF8-1E7B8362A285}.Ad-Hoc|iPhone.ActiveCfg = Release|Any CPU
		{D4833991-A2F4-4A4D-ADF8-1E7B8362A285}.Ad-Hoc|iPhone.Build.0 = Release|Any CPU
		{D4833991-A2F4-4A4D-ADF8-1E7B8362A285}.Ad-Hoc|iPhoneSimulator.ActiveCfg = Release|Any CPU
		{D4833991-A2F4-4A4D-ADF8-1E7B8362A285}.Ad-Hoc|iPhoneSimulator.Build.0 = Release|Any CPU
		{D4833991-A2F4-4A4D-ADF8-1E7B8362A285}.AppStore|Any CPU.ActiveCfg = Release|Any CPU
		{D4833991-A2F4-4A4D-ADF8-1E7B8362A285}.AppStore|Any CPU.Build.0 = Release|Any CPU
		{D4833991-A2F4-4A4D-ADF8-1E7B8362A285}.AppStore|iPhone.ActiveCfg = Release|Any CPU
		{D4833991-A2F4-4A4D-ADF8-1E7B8362A285}.AppStore|iPhone.Build.0 = Release|Any CPU
		{D4833991-A2F4-4A4D-ADF8-1E7B8362A285}.AppStore|iPhoneSimulator.ActiveCfg = Release|Any CPU
		{D4833991-A2F4-4A4D-ADF8-1E7B8362A285}.AppStore|iPhoneSimulator.Build.0 = Release|Any CPU
		{D4833991-A2F4-4A4D-ADF8-1E7B8362A285}.Debug|Any CPU.ActiveCfg = Debug|Any CPU
		{D4833991-A2F4-4A4D-ADF8-1E7B8362A285}.Debug|Any CPU.Build.0 = Debug|Any CPU
		{D4833991-A2F4-4A4D-ADF8-1E7B8362A285}.Debug|iPhone.ActiveCfg = Debug|Any CPU
		{D4833991-A2F4-4A4D-ADF8-1E7B8362A285}.Debug|iPhone.Build.0 = Debug|Any CPU
		{D4833991-A2F4-4A4D-ADF8-1E7B8362A285}.Debug|iPhoneSimulator.ActiveCfg = Debug|Any CPU
		{D4833991-A2F4-4A4D-ADF8-1E7B8362A285}.Debug|iPhoneSimulator.Build.0 = Debug|Any CPU
		{D4833991-A2F4-4A4D-ADF8-1E7B8362A285}.Release|Any CPU.ActiveCfg = Release|Any CPU
		{D4833991-A2F4-4A4D-ADF8-1E7B8362A285}.Release|Any CPU.Build.0 = Release|Any CPU
		{D4833991-A2F4-4A4D-ADF8-1E7B8362A285}.Release|iPhone.ActiveCfg = Release|Any CPU
		{D4833991-A2F4-4A4D-ADF8-1E7B8362A285}.Release|iPhone.Build.0 = Release|Any CPU
		{D4833991-A2F4-4A4D-ADF8-1E7B8362A285}.Release|iPhoneSimulator.ActiveCfg = Release|Any CPU
		{D4833991-A2F4-4A4D-ADF8-1E7B8362A285}.Release|iPhoneSimulator.Build.0 = Release|Any CPU
		{A578EF33-FF0C-43C8-9DFB-4E17D7B17E8C}.Ad-Hoc|Any CPU.ActiveCfg = Release|Any CPU
		{A578EF33-FF0C-43C8-9DFB-4E17D7B17E8C}.Ad-Hoc|Any CPU.Build.0 = Release|Any CPU
		{A578EF33-FF0C-43C8-9DFB-4E17D7B17E8C}.Ad-Hoc|iPhone.ActiveCfg = Release|Any CPU
		{A578EF33-FF0C-43C8-9DFB-4E17D7B17E8C}.Ad-Hoc|iPhone.Build.0 = Release|Any CPU
		{A578EF33-FF0C-43C8-9DFB-4E17D7B17E8C}.Ad-Hoc|iPhoneSimulator.ActiveCfg = Release|Any CPU
		{A578EF33-FF0C-43C8-9DFB-4E17D7B17E8C}.Ad-Hoc|iPhoneSimulator.Build.0 = Release|Any CPU
		{A578EF33-FF0C-43C8-9DFB-4E17D7B17E8C}.AppStore|Any CPU.ActiveCfg = Release|Any CPU
		{A578EF33-FF0C-43C8-9DFB-4E17D7B17E8C}.AppStore|Any CPU.Build.0 = Release|Any CPU
		{A578EF33-FF0C-43C8-9DFB-4E17D7B17E8C}.AppStore|iPhone.ActiveCfg = Release|Any CPU
		{A578EF33-FF0C-43C8-9DFB-4E17D7B17E8C}.AppStore|iPhone.Build.0 = Release|Any CPU
		{A578EF33-FF0C-43C8-9DFB-4E17D7B17E8C}.AppStore|iPhoneSimulator.ActiveCfg = Release|Any CPU
		{A578EF33-FF0C-43C8-9DFB-4E17D7B17E8C}.AppStore|iPhoneSimulator.Build.0 = Release|Any CPU
		{A578EF33-FF0C-43C8-9DFB-4E17D7B17E8C}.Debug|Any CPU.ActiveCfg = Debug|Any CPU
		{A578EF33-FF0C-43C8-9DFB-4E17D7B17E8C}.Debug|Any CPU.Build.0 = Debug|Any CPU
		{A578EF33-FF0C-43C8-9DFB-4E17D7B17E8C}.Debug|iPhone.ActiveCfg = Debug|Any CPU
		{A578EF33-FF0C-43C8-9DFB-4E17D7B17E8C}.Debug|iPhone.Build.0 = Debug|Any CPU
		{A578EF33-FF0C-43C8-9DFB-4E17D7B17E8C}.Debug|iPhoneSimulator.ActiveCfg = Debug|Any CPU
		{A578EF33-FF0C-43C8-9DFB-4E17D7B17E8C}.Debug|iPhoneSimulator.Build.0 = Debug|Any CPU
		{A578EF33-FF0C-43C8-9DFB-4E17D7B17E8C}.Release|Any CPU.ActiveCfg = Release|Any CPU
		{A578EF33-FF0C-43C8-9DFB-4E17D7B17E8C}.Release|Any CPU.Build.0 = Release|Any CPU
		{A578EF33-FF0C-43C8-9DFB-4E17D7B17E8C}.Release|iPhone.ActiveCfg = Release|Any CPU
		{A578EF33-FF0C-43C8-9DFB-4E17D7B17E8C}.Release|iPhone.Build.0 = Release|Any CPU
		{A578EF33-FF0C-43C8-9DFB-4E17D7B17E8C}.Release|iPhoneSimulator.ActiveCfg = Release|Any CPU
		{A578EF33-FF0C-43C8-9DFB-4E17D7B17E8C}.Release|iPhoneSimulator.Build.0 = Release|Any CPU
		{C46999EA-5718-4A69-9544-3BC78DC06B1E}.Ad-Hoc|Any CPU.ActiveCfg = Release|Any CPU
		{C46999EA-5718-4A69-9544-3BC78DC06B1E}.Ad-Hoc|Any CPU.Build.0 = Release|Any CPU
		{C46999EA-5718-4A69-9544-3BC78DC06B1E}.Ad-Hoc|Any CPU.Deploy.0 = Release|Any CPU
		{C46999EA-5718-4A69-9544-3BC78DC06B1E}.Ad-Hoc|iPhone.ActiveCfg = Release|Any CPU
		{C46999EA-5718-4A69-9544-3BC78DC06B1E}.Ad-Hoc|iPhone.Build.0 = Release|Any CPU
		{C46999EA-5718-4A69-9544-3BC78DC06B1E}.Ad-Hoc|iPhone.Deploy.0 = Release|Any CPU
		{C46999EA-5718-4A69-9544-3BC78DC06B1E}.Ad-Hoc|iPhoneSimulator.ActiveCfg = Release|Any CPU
		{C46999EA-5718-4A69-9544-3BC78DC06B1E}.Ad-Hoc|iPhoneSimulator.Build.0 = Release|Any CPU
		{C46999EA-5718-4A69-9544-3BC78DC06B1E}.Ad-Hoc|iPhoneSimulator.Deploy.0 = Release|Any CPU
		{C46999EA-5718-4A69-9544-3BC78DC06B1E}.AppStore|Any CPU.ActiveCfg = Release|Any CPU
		{C46999EA-5718-4A69-9544-3BC78DC06B1E}.AppStore|Any CPU.Build.0 = Release|Any CPU
		{C46999EA-5718-4A69-9544-3BC78DC06B1E}.AppStore|Any CPU.Deploy.0 = Release|Any CPU
		{C46999EA-5718-4A69-9544-3BC78DC06B1E}.AppStore|iPhone.ActiveCfg = Release|Any CPU
		{C46999EA-5718-4A69-9544-3BC78DC06B1E}.AppStore|iPhone.Build.0 = Release|Any CPU
		{C46999EA-5718-4A69-9544-3BC78DC06B1E}.AppStore|iPhone.Deploy.0 = Release|Any CPU
		{C46999EA-5718-4A69-9544-3BC78DC06B1E}.AppStore|iPhoneSimulator.ActiveCfg = Release|Any CPU
		{C46999EA-5718-4A69-9544-3BC78DC06B1E}.AppStore|iPhoneSimulator.Build.0 = Release|Any CPU
		{C46999EA-5718-4A69-9544-3BC78DC06B1E}.AppStore|iPhoneSimulator.Deploy.0 = Release|Any CPU
		{C46999EA-5718-4A69-9544-3BC78DC06B1E}.Debug|Any CPU.ActiveCfg = Debug|Any CPU
		{C46999EA-5718-4A69-9544-3BC78DC06B1E}.Debug|Any CPU.Build.0 = Debug|Any CPU
		{C46999EA-5718-4A69-9544-3BC78DC06B1E}.Debug|Any CPU.Deploy.0 = Debug|Any CPU
		{C46999EA-5718-4A69-9544-3BC78DC06B1E}.Debug|iPhone.ActiveCfg = Debug|Any CPU
		{C46999EA-5718-4A69-9544-3BC78DC06B1E}.Debug|iPhone.Build.0 = Debug|Any CPU
		{C46999EA-5718-4A69-9544-3BC78DC06B1E}.Debug|iPhone.Deploy.0 = Debug|Any CPU
		{C46999EA-5718-4A69-9544-3BC78DC06B1E}.Debug|iPhoneSimulator.ActiveCfg = Debug|Any CPU
		{C46999EA-5718-4A69-9544-3BC78DC06B1E}.Debug|iPhoneSimulator.Build.0 = Debug|Any CPU
		{C46999EA-5718-4A69-9544-3BC78DC06B1E}.Debug|iPhoneSimulator.Deploy.0 = Debug|Any CPU
		{C46999EA-5718-4A69-9544-3BC78DC06B1E}.Release|Any CPU.ActiveCfg = Release|Any CPU
		{C46999EA-5718-4A69-9544-3BC78DC06B1E}.Release|Any CPU.Build.0 = Release|Any CPU
		{C46999EA-5718-4A69-9544-3BC78DC06B1E}.Release|Any CPU.Deploy.0 = Release|Any CPU
		{C46999EA-5718-4A69-9544-3BC78DC06B1E}.Release|iPhone.ActiveCfg = Release|Any CPU
		{C46999EA-5718-4A69-9544-3BC78DC06B1E}.Release|iPhone.Build.0 = Release|Any CPU
		{C46999EA-5718-4A69-9544-3BC78DC06B1E}.Release|iPhone.Deploy.0 = Release|Any CPU
		{C46999EA-5718-4A69-9544-3BC78DC06B1E}.Release|iPhoneSimulator.ActiveCfg = Release|Any CPU
		{C46999EA-5718-4A69-9544-3BC78DC06B1E}.Release|iPhoneSimulator.Build.0 = Release|Any CPU
		{C46999EA-5718-4A69-9544-3BC78DC06B1E}.Release|iPhoneSimulator.Deploy.0 = Release|Any CPU
	EndGlobalSection
	GlobalSection(SolutionProperties) = preSolution
		HideSolutionNode = FALSE
	EndGlobalSection
	GlobalSection(ExtensibilityGlobals) = postSolution
		SolutionGuid = {FACA5577-9093-43B3-B29D-C0C4FC4E8689}
	EndGlobalSection
EndGlobal
