
Microsoft Visual Studio Solution File, Format Version 12.00
# Visual Studio 15
VisualStudioVersion = 15.0.27703.2018
MinimumVisualStudioVersion = 10.0.40219.1
Project("{FAE04EC0-301F-11D3-BF4B-00C04F79EFBC}") = "ConfessionSearchApp", "ConfessionSearchApp\ConfessionSearchApp.csproj", "{4640318C-F44E-4E06-8906-06A3BFC8B746}"
EndProject
Project("{FAE04EC0-301F-11D3-BF4B-00C04F79EFBC}") = "LibGList", "LibGList\LibGList.csproj", "{C6D2B098-5146-4B7F-B9CE-B14532895810}"
EndProject
Project("{FAE04EC0-301F-11D3-BF4B-00C04F79EFBC}") = "DialogWindow", "DialogWindow\DialogWindow.csproj", "{F12C3E7C-97AB-42F1-B8C2-8B5EE2EAF58D}"
EndProject
Project("{FAE04EC0-301F-11D3-BF4B-00C04F79EFBC}") = "ConfessionSearchApp2", "ConfessionSearchApp2\ConfessionSearchApp2.csproj", "{3BC0AC7E-3B3B-4D3F-9CC0-B2BDECC460A6}"
EndProject
Project("{FAE04EC0-301F-11D3-BF4B-00C04F79EFBC}") = "DocumentLibrary", "DocumentLibrary\DocumentLibrary.csproj", "{D4833991-A2F4-4A4D-ADF8-1E7B8362A285}"
EndProject
Project("{FAE04EC0-301F-11D3-BF4B-00C04F79EFBC}") = "AlertDialogBuilder", "AlertDialogBuilder\AlertDialogBuilder.csproj", "{A578EF33-FF0C-43C8-9DFB-4E17D7B17E8C}"
EndProject
Project("{FAE04EC0-301F-11D3-BF4B-00C04F79EFBC}") = "MathApp", "MathApp\MathApp.csproj", "{C46999EA-5718-4A69-9544-3BC78DC06B1E}"
EndProject
Project("{FAE04EC0-301F-11D3-BF4B-00C04F79EFBC}") = "DBSampleApp", "DBSampleApp\DBSampleApp.csproj", "{B995221B-61E8-4410-8992-FBA07BE0237A}"
EndProject
Project("{FAE04EC0-301F-11D3-BF4B-00C04F79EFBC}") = "ConfessionSearchDBApp", "ConfessionSearchDBApp\ConfessionSearchDBApp.csproj", "{75B46E54-7821-451F-A8D3-AF20D6917AE2}"
EndProject
Project("{FAE04EC0-301F-11D3-BF4B-00C04F79EFBC}") = "ConfessionSearchApp", "..\..\Documents\Visual Studio 2017\Projects\WindowsFormsApp1\WindowsFormsApp1\ConfessionSearchApp.csproj", "{C963457F-32E3-480E-87D5-8FC0CA491466}"
EndProject
Project("{FAE04EC0-301F-11D3-BF4B-00C04F79EFBC}") = "ConfessionLoader", "..\..\Documents\Visual Studio 2017\Projects\WindowsFormsApp1\ConfessionLoader\ConfessionLoader.csproj", "{B3886B1C-55A5-4E0C-A60A-967835380233}"
EndProject
Project("{FAE04EC0-301F-11D3-BF4B-00C04F79EFBC}") = "FormatGenerator", "..\..\Documents\Visual Studio 2017\Projects\WindowsFormsApp1\FormatGenerator\FormatGenerator.csproj", "{75452176-0FD8-46CA-8769-AF74BE55C03C}"
EndProject
Project("{2150E333-8FDC-42A3-9474-1A3956D46DE8}") = "Solution Items", "Solution Items", "{7CB03C65-AD4D-439C-A53F-20E774E68FA1}"
	ProjectSection(SolutionItems) = preProject
		..\..\Documents\Visual Studio 2017\Projects\WindowsFormsApp1\WindowsFormsApp1\Heidelberg Catechism.csv = ..\..\Documents\Visual Studio 2017\Projects\WindowsFormsApp1\WindowsFormsApp1\Heidelberg Catechism.csv
		..\..\Documents\Visual Studio 2017\Projects\WindowsFormsApp1\WindowsFormsApp1\Westminster Confession of Faith 1646.csv = ..\..\Documents\Visual Studio 2017\Projects\WindowsFormsApp1\WindowsFormsApp1\Westminster Confession of Faith 1646.csv
		..\..\Documents\Visual Studio 2017\Projects\WindowsFormsApp1\WindowsFormsApp1\Westminster Larger Catechism.csv = ..\..\Documents\Visual Studio 2017\Projects\WindowsFormsApp1\WindowsFormsApp1\Westminster Larger Catechism.csv
		..\..\Documents\Visual Studio 2017\Projects\WindowsFormsApp1\FormatGenerator\Westminster Larger Catechism.csv = ..\..\Documents\Visual Studio 2017\Projects\WindowsFormsApp1\FormatGenerator\Westminster Larger Catechism.csv
		..\..\Documents\Visual Studio 2017\Projects\WindowsFormsApp1\WindowsFormsApp1\Westminster Shorter Catechism.csv = ..\..\Documents\Visual Studio 2017\Projects\WindowsFormsApp1\WindowsFormsApp1\Westminster Shorter Catechism.csv
	EndProjectSection
EndProject
Project("{FAE04EC0-301F-11D3-BF4B-00C04F79EFBC}") = "ConfessionSearchSite", "..\..\Documents\Visual Studio 2017\Projects\WindowsFormsApp1\ConfessionSearchSite\ConfessionSearchSite.csproj", "{F351AA75-3B80-4824-8E2A-61A9AC6BE6E5}"
EndProject
Project("{9A19103F-16F7-4668-BE54-9A1E7A4F7556}") = "ScriptWriter", "..\..\Documents\Visual Studio 2017\Projects\WindowsFormsApp1\ScriptWriter\ScriptWriter.csproj", "{6BF7578F-55F1-44D9-9956-B4E18D18C6F2}"
EndProject
Project("{FAE04EC0-301F-11D3-BF4B-00C04F79EFBC}") = "DBFormatApp", "DBFormatApp\DBFormatApp.csproj", "{35C1F0B5-90A5-45A7-BAFC-00C7AB8FDDB1}"
EndProject
Global
	GlobalSection(SolutionConfigurationPlatforms) = preSolution
		Ad-Hoc|Any CPU = Ad-Hoc|Any CPU
		Ad-Hoc|iPhone = Ad-Hoc|iPhone
		Ad-Hoc|iPhoneSimulator = Ad-Hoc|iPhoneSimulator
		AppStore|Any CPU = AppStore|Any CPU
		AppStore|iPhone = AppStore|iPhone
		AppStore|iPhoneSimulator = AppStore|iPhoneSimulator
		Debug|Any CPU = Debug|Any CPU
		Debug|iPhone = Debug|iPhone
		Debug|iPhoneSimulator = Debug|iPhoneSimulator
		Release|Any CPU = Release|Any CPU
		Release|iPhone = Release|iPhone
		Release|iPhoneSimulator = Release|iPhoneSimulator
	EndGlobalSection
	GlobalSection(ProjectConfigurationPlatforms) = postSolution
		{4640318C-F44E-4E06-8906-06A3BFC8B746}.Ad-Hoc|Any CPU.ActiveCfg = Release|Any CPU
		{4640318C-F44E-4E06-8906-06A3BFC8B746}.Ad-Hoc|Any CPU.Build.0 = Release|Any CPU
		{4640318C-F44E-4E06-8906-06A3BFC8B746}.Ad-Hoc|Any CPU.Deploy.0 = Release|Any CPU
		{4640318C-F44E-4E06-8906-06A3BFC8B746}.Ad-Hoc|iPhone.ActiveCfg = Release|Any CPU
		{4640318C-F44E-4E06-8906-06A3BFC8B746}.Ad-Hoc|iPhone.Build.0 = Release|Any CPU
		{4640318C-F44E-4E06-8906-06A3BFC8B746}.Ad-Hoc|iPhone.Deploy.0 = Release|Any CPU
		{4640318C-F44E-4E06-8906-06A3BFC8B746}.Ad-Hoc|iPhoneSimulator.ActiveCfg = Release|Any CPU
		{4640318C-F44E-4E06-8906-06A3BFC8B746}.Ad-Hoc|iPhoneSimulator.Build.0 = Release|Any CPU
		{4640318C-F44E-4E06-8906-06A3BFC8B746}.Ad-Hoc|iPhoneSimulator.Deploy.0 = Release|Any CPU
		{4640318C-F44E-4E06-8906-06A3BFC8B746}.AppStore|Any CPU.ActiveCfg = Release|Any CPU
		{4640318C-F44E-4E06-8906-06A3BFC8B746}.AppStore|Any CPU.Build.0 = Release|Any CPU
		{4640318C-F44E-4E06-8906-06A3BFC8B746}.AppStore|Any CPU.Deploy.0 = Release|Any CPU
		{4640318C-F44E-4E06-8906-06A3BFC8B746}.AppStore|iPhone.ActiveCfg = Release|Any CPU
		{4640318C-F44E-4E06-8906-06A3BFC8B746}.AppStore|iPhone.Build.0 = Release|Any CPU
		{4640318C-F44E-4E06-8906-06A3BFC8B746}.AppStore|iPhone.Deploy.0 = Release|Any CPU
		{4640318C-F44E-4E06-8906-06A3BFC8B746}.AppStore|iPhoneSimulator.ActiveCfg = Release|Any CPU
		{4640318C-F44E-4E06-8906-06A3BFC8B746}.AppStore|iPhoneSimulator.Build.0 = Release|Any CPU
		{4640318C-F44E-4E06-8906-06A3BFC8B746}.AppStore|iPhoneSimulator.Deploy.0 = Release|Any CPU
		{4640318C-F44E-4E06-8906-06A3BFC8B746}.Debug|Any CPU.ActiveCfg = Debug|Any CPU
		{4640318C-F44E-4E06-8906-06A3BFC8B746}.Debug|Any CPU.Build.0 = Debug|Any CPU
		{4640318C-F44E-4E06-8906-06A3BFC8B746}.Debug|Any CPU.Deploy.0 = Debug|Any CPU
		{4640318C-F44E-4E06-8906-06A3BFC8B746}.Debug|iPhone.ActiveCfg = Debug|Any CPU
		{4640318C-F44E-4E06-8906-06A3BFC8B746}.Debug|iPhone.Build.0 = Debug|Any CPU
		{4640318C-F44E-4E06-8906-06A3BFC8B746}.Debug|iPhone.Deploy.0 = Debug|Any CPU
		{4640318C-F44E-4E06-8906-06A3BFC8B746}.Debug|iPhoneSimulator.ActiveCfg = Debug|Any CPU
		{4640318C-F44E-4E06-8906-06A3BFC8B746}.Debug|iPhoneSimulator.Build.0 = Debug|Any CPU
		{4640318C-F44E-4E06-8906-06A3BFC8B746}.Debug|iPhoneSimulator.Deploy.0 = Debug|Any CPU
		{4640318C-F44E-4E06-8906-06A3BFC8B746}.Release|Any CPU.ActiveCfg = Release|Any CPU
		{4640318C-F44E-4E06-8906-06A3BFC8B746}.Release|Any CPU.Build.0 = Release|Any CPU
		{4640318C-F44E-4E06-8906-06A3BFC8B746}.Release|Any CPU.Deploy.0 = Release|Any CPU
		{4640318C-F44E-4E06-8906-06A3BFC8B746}.Release|iPhone.ActiveCfg = Release|Any CPU
		{4640318C-F44E-4E06-8906-06A3BFC8B746}.Release|iPhone.Build.0 = Release|Any CPU
		{4640318C-F44E-4E06-8906-06A3BFC8B746}.Release|iPhone.Deploy.0 = Release|Any CPU
		{4640318C-F44E-4E06-8906-06A3BFC8B746}.Release|iPhoneSimulator.ActiveCfg = Release|Any CPU
		{4640318C-F44E-4E06-8906-06A3BFC8B746}.Release|iPhoneSimulator.Build.0 = Release|Any CPU
		{4640318C-F44E-4E06-8906-06A3BFC8B746}.Release|iPhoneSimulator.Deploy.0 = Release|Any CPU
		{C6D2B098-5146-4B7F-B9CE-B14532895810}.Ad-Hoc|Any CPU.ActiveCfg = Release|Any CPU
		{C6D2B098-5146-4B7F-B9CE-B14532895810}.Ad-Hoc|Any CPU.Build.0 = Release|Any CPU
		{C6D2B098-5146-4B7F-B9CE-B14532895810}.Ad-Hoc|iPhone.ActiveCfg = Release|Any CPU
		{C6D2B098-5146-4B7F-B9CE-B14532895810}.Ad-Hoc|iPhone.Build.0 = Release|Any CPU
		{C6D2B098-5146-4B7F-B9CE-B14532895810}.Ad-Hoc|iPhoneSimulator.ActiveCfg = Release|Any CPU
		{C6D2B098-5146-4B7F-B9CE-B14532895810}.Ad-Hoc|iPhoneSimulator.Build.0 = Release|Any CPU
		{C6D2B098-5146-4B7F-B9CE-B14532895810}.AppStore|Any CPU.ActiveCfg = Release|Any CPU
		{C6D2B098-5146-4B7F-B9CE-B14532895810}.AppStore|Any CPU.Build.0 = Release|Any CPU
		{C6D2B098-5146-4B7F-B9CE-B14532895810}.AppStore|iPhone.ActiveCfg = Release|Any CPU
		{C6D2B098-5146-4B7F-B9CE-B14532895810}.AppStore|iPhone.Build.0 = Release|Any CPU
		{C6D2B098-5146-4B7F-B9CE-B14532895810}.AppStore|iPhoneSimulator.ActiveCfg = Release|Any CPU
		{C6D2B098-5146-4B7F-B9CE-B14532895810}.AppStore|iPhoneSimulator.Build.0 = Release|Any CPU
		{C6D2B098-5146-4B7F-B9CE-B14532895810}.Debug|Any CPU.ActiveCfg = Debug|Any CPU
		{C6D2B098-5146-4B7F-B9CE-B14532895810}.Debug|Any CPU.Build.0 = Debug|Any CPU
		{C6D2B098-5146-4B7F-B9CE-B14532895810}.Debug|iPhone.ActiveCfg = Debug|Any CPU
		{C6D2B098-5146-4B7F-B9CE-B14532895810}.Debug|iPhone.Build.0 = Debug|Any CPU
		{C6D2B098-5146-4B7F-B9CE-B14532895810}.Debug|iPhoneSimulator.ActiveCfg = Debug|Any CPU
		{C6D2B098-5146-4B7F-B9CE-B14532895810}.Debug|iPhoneSimulator.Build.0 = Debug|Any CPU
		{C6D2B098-5146-4B7F-B9CE-B14532895810}.Release|Any CPU.ActiveCfg = Release|Any CPU
		{C6D2B098-5146-4B7F-B9CE-B14532895810}.Release|Any CPU.Build.0 = Release|Any CPU
		{C6D2B098-5146-4B7F-B9CE-B14532895810}.Release|iPhone.ActiveCfg = Release|Any CPU
		{C6D2B098-5146-4B7F-B9CE-B14532895810}.Release|iPhone.Build.0 = Release|Any CPU
		{C6D2B098-5146-4B7F-B9CE-B14532895810}.Release|iPhoneSimulator.ActiveCfg = Release|Any CPU
		{C6D2B098-5146-4B7F-B9CE-B14532895810}.Release|iPhoneSimulator.Build.0 = Release|Any CPU
		{F12C3E7C-97AB-42F1-B8C2-8B5EE2EAF58D}.Ad-Hoc|Any CPU.ActiveCfg = Release|Any CPU
		{F12C3E7C-97AB-42F1-B8C2-8B5EE2EAF58D}.Ad-Hoc|Any CPU.Build.0 = Release|Any CPU
		{F12C3E7C-97AB-42F1-B8C2-8B5EE2EAF58D}.Ad-Hoc|iPhone.ActiveCfg = Release|Any CPU
		{F12C3E7C-97AB-42F1-B8C2-8B5EE2EAF58D}.Ad-Hoc|iPhone.Build.0 = Release|Any CPU
		{F12C3E7C-97AB-42F1-B8C2-8B5EE2EAF58D}.Ad-Hoc|iPhoneSimulator.ActiveCfg = Release|Any CPU
		{F12C3E7C-97AB-42F1-B8C2-8B5EE2EAF58D}.Ad-Hoc|iPhoneSimulator.Build.0 = Release|Any CPU
		{F12C3E7C-97AB-42F1-B8C2-8B5EE2EAF58D}.AppStore|Any CPU.ActiveCfg = Release|Any CPU
		{F12C3E7C-97AB-42F1-B8C2-8B5EE2EAF58D}.AppStore|Any CPU.Build.0 = Release|Any CPU
		{F12C3E7C-97AB-42F1-B8C2-8B5EE2EAF58D}.AppStore|iPhone.ActiveCfg = Release|Any CPU
		{F12C3E7C-97AB-42F1-B8C2-8B5EE2EAF58D}.AppStore|iPhone.Build.0 = Release|Any CPU
		{F12C3E7C-97AB-42F1-B8C2-8B5EE2EAF58D}.AppStore|iPhoneSimulator.ActiveCfg = Release|Any CPU
		{F12C3E7C-97AB-42F1-B8C2-8B5EE2EAF58D}.AppStore|iPhoneSimulator.Build.0 = Release|Any CPU
		{F12C3E7C-97AB-42F1-B8C2-8B5EE2EAF58D}.Debug|Any CPU.ActiveCfg = Debug|Any CPU
		{F12C3E7C-97AB-42F1-B8C2-8B5EE2EAF58D}.Debug|Any CPU.Build.0 = Debug|Any CPU
		{F12C3E7C-97AB-42F1-B8C2-8B5EE2EAF58D}.Debug|iPhone.ActiveCfg = Debug|Any CPU
		{F12C3E7C-97AB-42F1-B8C2-8B5EE2EAF58D}.Debug|iPhone.Build.0 = Debug|Any CPU
		{F12C3E7C-97AB-42F1-B8C2-8B5EE2EAF58D}.Debug|iPhoneSimulator.ActiveCfg = Debug|Any CPU
		{F12C3E7C-97AB-42F1-B8C2-8B5EE2EAF58D}.Debug|iPhoneSimulator.Build.0 = Debug|Any CPU
		{F12C3E7C-97AB-42F1-B8C2-8B5EE2EAF58D}.Release|Any CPU.ActiveCfg = Release|Any CPU
		{F12C3E7C-97AB-42F1-B8C2-8B5EE2EAF58D}.Release|Any CPU.Build.0 = Release|Any CPU
		{F12C3E7C-97AB-42F1-B8C2-8B5EE2EAF58D}.Release|iPhone.ActiveCfg = Release|Any CPU
		{F12C3E7C-97AB-42F1-B8C2-8B5EE2EAF58D}.Release|iPhone.Build.0 = Release|Any CPU
		{F12C3E7C-97AB-42F1-B8C2-8B5EE2EAF58D}.Release|iPhoneSimulator.ActiveCfg = Release|Any CPU
		{F12C3E7C-97AB-42F1-B8C2-8B5EE2EAF58D}.Release|iPhoneSimulator.Build.0 = Release|Any CPU
		{3BC0AC7E-3B3B-4D3F-9CC0-B2BDECC460A6}.Ad-Hoc|Any CPU.ActiveCfg = Release|Any CPU
		{3BC0AC7E-3B3B-4D3F-9CC0-B2BDECC460A6}.Ad-Hoc|Any CPU.Build.0 = Release|Any CPU
		{3BC0AC7E-3B3B-4D3F-9CC0-B2BDECC460A6}.Ad-Hoc|Any CPU.Deploy.0 = Release|Any CPU
		{3BC0AC7E-3B3B-4D3F-9CC0-B2BDECC460A6}.Ad-Hoc|iPhone.ActiveCfg = Release|Any CPU
		{3BC0AC7E-3B3B-4D3F-9CC0-B2BDECC460A6}.Ad-Hoc|iPhone.Build.0 = Release|Any CPU
		{3BC0AC7E-3B3B-4D3F-9CC0-B2BDECC460A6}.Ad-Hoc|iPhone.Deploy.0 = Release|Any CPU
		{3BC0AC7E-3B3B-4D3F-9CC0-B2BDECC460A6}.Ad-Hoc|iPhoneSimulator.ActiveCfg = Release|Any CPU
		{3BC0AC7E-3B3B-4D3F-9CC0-B2BDECC460A6}.Ad-Hoc|iPhoneSimulator.Build.0 = Release|Any CPU
		{3BC0AC7E-3B3B-4D3F-9CC0-B2BDECC460A6}.Ad-Hoc|iPhoneSimulator.Deploy.0 = Release|Any CPU
		{3BC0AC7E-3B3B-4D3F-9CC0-B2BDECC460A6}.AppStore|Any CPU.ActiveCfg = Release|Any CPU
		{3BC0AC7E-3B3B-4D3F-9CC0-B2BDECC460A6}.AppStore|Any CPU.Build.0 = Release|Any CPU
		{3BC0AC7E-3B3B-4D3F-9CC0-B2BDECC460A6}.AppStore|Any CPU.Deploy.0 = Release|Any CPU
		{3BC0AC7E-3B3B-4D3F-9CC0-B2BDECC460A6}.AppStore|iPhone.ActiveCfg = Release|Any CPU
		{3BC0AC7E-3B3B-4D3F-9CC0-B2BDECC460A6}.AppStore|iPhone.Build.0 = Release|Any CPU
		{3BC0AC7E-3B3B-4D3F-9CC0-B2BDECC460A6}.AppStore|iPhone.Deploy.0 = Release|Any CPU
		{3BC0AC7E-3B3B-4D3F-9CC0-B2BDECC460A6}.AppStore|iPhoneSimulator.ActiveCfg = Release|Any CPU
		{3BC0AC7E-3B3B-4D3F-9CC0-B2BDECC460A6}.AppStore|iPhoneSimulator.Build.0 = Release|Any CPU
		{3BC0AC7E-3B3B-4D3F-9CC0-B2BDECC460A6}.AppStore|iPhoneSimulator.Deploy.0 = Release|Any CPU
		{3BC0AC7E-3B3B-4D3F-9CC0-B2BDECC460A6}.Debug|Any CPU.ActiveCfg = Debug|Any CPU
		{3BC0AC7E-3B3B-4D3F-9CC0-B2BDECC460A6}.Debug|Any CPU.Build.0 = Debug|Any CPU
		{3BC0AC7E-3B3B-4D3F-9CC0-B2BDECC460A6}.Debug|Any CPU.Deploy.0 = Debug|Any CPU
		{3BC0AC7E-3B3B-4D3F-9CC0-B2BDECC460A6}.Debug|iPhone.ActiveCfg = Debug|Any CPU
		{3BC0AC7E-3B3B-4D3F-9CC0-B2BDECC460A6}.Debug|iPhone.Build.0 = Debug|Any CPU
		{3BC0AC7E-3B3B-4D3F-9CC0-B2BDECC460A6}.Debug|iPhone.Deploy.0 = Debug|Any CPU
		{3BC0AC7E-3B3B-4D3F-9CC0-B2BDECC460A6}.Debug|iPhoneSimulator.ActiveCfg = Debug|Any CPU
		{3BC0AC7E-3B3B-4D3F-9CC0-B2BDECC460A6}.Debug|iPhoneSimulator.Build.0 = Debug|Any CPU
		{3BC0AC7E-3B3B-4D3F-9CC0-B2BDECC460A6}.Debug|iPhoneSimulator.Deploy.0 = Debug|Any CPU
		{3BC0AC7E-3B3B-4D3F-9CC0-B2BDECC460A6}.Release|Any CPU.ActiveCfg = Release|Any CPU
		{3BC0AC7E-3B3B-4D3F-9CC0-B2BDECC460A6}.Release|Any CPU.Build.0 = Release|Any CPU
		{3BC0AC7E-3B3B-4D3F-9CC0-B2BDECC460A6}.Release|Any CPU.Deploy.0 = Release|Any CPU
		{3BC0AC7E-3B3B-4D3F-9CC0-B2BDECC460A6}.Release|iPhone.ActiveCfg = Release|Any CPU
		{3BC0AC7E-3B3B-4D3F-9CC0-B2BDECC460A6}.Release|iPhone.Build.0 = Release|Any CPU
		{3BC0AC7E-3B3B-4D3F-9CC0-B2BDECC460A6}.Release|iPhone.Deploy.0 = Release|Any CPU
		{3BC0AC7E-3B3B-4D3F-9CC0-B2BDECC460A6}.Release|iPhoneSimulator.ActiveCfg = Release|Any CPU
		{3BC0AC7E-3B3B-4D3F-9CC0-B2BDECC460A6}.Release|iPhoneSimulator.Build.0 = Release|Any CPU
		{3BC0AC7E-3B3B-4D3F-9CC0-B2BDECC460A6}.Release|iPhoneSimulator.Deploy.0 = Release|Any CPU
		{D4833991-A2F4-4A4D-ADF8-1E7B8362A285}.Ad-Hoc|Any CPU.ActiveCfg = Release|Any CPU
		{D4833991-A2F4-4A4D-ADF8-1E7B8362A285}.Ad-Hoc|Any CPU.Build.0 = Release|Any CPU
		{D4833991-A2F4-4A4D-ADF8-1E7B8362A285}.Ad-Hoc|iPhone.ActiveCfg = Release|Any CPU
		{D4833991-A2F4-4A4D-ADF8-1E7B8362A285}.Ad-Hoc|iPhone.Build.0 = Release|Any CPU
		{D4833991-A2F4-4A4D-ADF8-1E7B8362A285}.Ad-Hoc|iPhoneSimulator.ActiveCfg = Release|Any CPU
		{D4833991-A2F4-4A4D-ADF8-1E7B8362A285}.Ad-Hoc|iPhoneSimulator.Build.0 = Release|Any CPU
		{D4833991-A2F4-4A4D-ADF8-1E7B8362A285}.AppStore|Any CPU.ActiveCfg = Release|Any CPU
		{D4833991-A2F4-4A4D-ADF8-1E7B8362A285}.AppStore|Any CPU.Build.0 = Release|Any CPU
		{D4833991-A2F4-4A4D-ADF8-1E7B8362A285}.AppStore|iPhone.ActiveCfg = Release|Any CPU
		{D4833991-A2F4-4A4D-ADF8-1E7B8362A285}.AppStore|iPhone.Build.0 = Release|Any CPU
		{D4833991-A2F4-4A4D-ADF8-1E7B8362A285}.AppStore|iPhoneSimulator.ActiveCfg = Release|Any CPU
		{D4833991-A2F4-4A4D-ADF8-1E7B8362A285}.AppStore|iPhoneSimulator.Build.0 = Release|Any CPU
		{D4833991-A2F4-4A4D-ADF8-1E7B8362A285}.Debug|Any CPU.ActiveCfg = Debug|Any CPU
		{D4833991-A2F4-4A4D-ADF8-1E7B8362A285}.Debug|Any CPU.Build.0 = Debug|Any CPU
		{D4833991-A2F4-4A4D-ADF8-1E7B8362A285}.Debug|iPhone.ActiveCfg = Debug|Any CPU
		{D4833991-A2F4-4A4D-ADF8-1E7B8362A285}.Debug|iPhone.Build.0 = Debug|Any CPU
		{D4833991-A2F4-4A4D-ADF8-1E7B8362A285}.Debug|iPhoneSimulator.ActiveCfg = Debug|Any CPU
		{D4833991-A2F4-4A4D-ADF8-1E7B8362A285}.Debug|iPhoneSimulator.Build.0 = Debug|Any CPU
		{D4833991-A2F4-4A4D-ADF8-1E7B8362A285}.Release|Any CPU.ActiveCfg = Release|Any CPU
		{D4833991-A2F4-4A4D-ADF8-1E7B8362A285}.Release|Any CPU.Build.0 = Release|Any CPU
		{D4833991-A2F4-4A4D-ADF8-1E7B8362A285}.Release|iPhone.ActiveCfg = Release|Any CPU
		{D4833991-A2F4-4A4D-ADF8-1E7B8362A285}.Release|iPhone.Build.0 = Release|Any CPU
		{D4833991-A2F4-4A4D-ADF8-1E7B8362A285}.Release|iPhoneSimulator.ActiveCfg = Release|Any CPU
		{D4833991-A2F4-4A4D-ADF8-1E7B8362A285}.Release|iPhoneSimulator.Build.0 = Release|Any CPU
		{A578EF33-FF0C-43C8-9DFB-4E17D7B17E8C}.Ad-Hoc|Any CPU.ActiveCfg = Release|Any CPU
		{A578EF33-FF0C-43C8-9DFB-4E17D7B17E8C}.Ad-Hoc|Any CPU.Build.0 = Release|Any CPU
		{A578EF33-FF0C-43C8-9DFB-4E17D7B17E8C}.Ad-Hoc|iPhone.ActiveCfg = Release|Any CPU
		{A578EF33-FF0C-43C8-9DFB-4E17D7B17E8C}.Ad-Hoc|iPhone.Build.0 = Release|Any CPU
		{A578EF33-FF0C-43C8-9DFB-4E17D7B17E8C}.Ad-Hoc|iPhoneSimulator.ActiveCfg = Release|Any CPU
		{A578EF33-FF0C-43C8-9DFB-4E17D7B17E8C}.Ad-Hoc|iPhoneSimulator.Build.0 = Release|Any CPU
		{A578EF33-FF0C-43C8-9DFB-4E17D7B17E8C}.AppStore|Any CPU.ActiveCfg = Release|Any CPU
		{A578EF33-FF0C-43C8-9DFB-4E17D7B17E8C}.AppStore|Any CPU.Build.0 = Release|Any CPU
		{A578EF33-FF0C-43C8-9DFB-4E17D7B17E8C}.AppStore|iPhone.ActiveCfg = Release|Any CPU
		{A578EF33-FF0C-43C8-9DFB-4E17D7B17E8C}.AppStore|iPhone.Build.0 = Release|Any CPU
		{A578EF33-FF0C-43C8-9DFB-4E17D7B17E8C}.AppStore|iPhoneSimulator.ActiveCfg = Release|Any CPU
		{A578EF33-FF0C-43C8-9DFB-4E17D7B17E8C}.AppStore|iPhoneSimulator.Build.0 = Release|Any CPU
		{A578EF33-FF0C-43C8-9DFB-4E17D7B17E8C}.Debug|Any CPU.ActiveCfg = Debug|Any CPU
		{A578EF33-FF0C-43C8-9DFB-4E17D7B17E8C}.Debug|Any CPU.Build.0 = Debug|Any CPU
		{A578EF33-FF0C-43C8-9DFB-4E17D7B17E8C}.Debug|iPhone.ActiveCfg = Debug|Any CPU
		{A578EF33-FF0C-43C8-9DFB-4E17D7B17E8C}.Debug|iPhone.Build.0 = Debug|Any CPU
		{A578EF33-FF0C-43C8-9DFB-4E17D7B17E8C}.Debug|iPhoneSimulator.ActiveCfg = Debug|Any CPU
		{A578EF33-FF0C-43C8-9DFB-4E17D7B17E8C}.Debug|iPhoneSimulator.Build.0 = Debug|Any CPU
		{A578EF33-FF0C-43C8-9DFB-4E17D7B17E8C}.Release|Any CPU.ActiveCfg = Release|Any CPU
		{A578EF33-FF0C-43C8-9DFB-4E17D7B17E8C}.Release|Any CPU.Build.0 = Release|Any CPU
		{A578EF33-FF0C-43C8-9DFB-4E17D7B17E8C}.Release|iPhone.ActiveCfg = Release|Any CPU
		{A578EF33-FF0C-43C8-9DFB-4E17D7B17E8C}.Release|iPhone.Build.0 = Release|Any CPU
		{A578EF33-FF0C-43C8-9DFB-4E17D7B17E8C}.Release|iPhoneSimulator.ActiveCfg = Release|Any CPU
		{A578EF33-FF0C-43C8-9DFB-4E17D7B17E8C}.Release|iPhoneSimulator.Build.0 = Release|Any CPU
		{C46999EA-5718-4A69-9544-3BC78DC06B1E}.Ad-Hoc|Any CPU.ActiveCfg = Release|Any CPU
		{C46999EA-5718-4A69-9544-3BC78DC06B1E}.Ad-Hoc|Any CPU.Build.0 = Release|Any CPU
		{C46999EA-5718-4A69-9544-3BC78DC06B1E}.Ad-Hoc|Any CPU.Deploy.0 = Release|Any CPU
		{C46999EA-5718-4A69-9544-3BC78DC06B1E}.Ad-Hoc|iPhone.ActiveCfg = Release|Any CPU
		{C46999EA-5718-4A69-9544-3BC78DC06B1E}.Ad-Hoc|iPhone.Build.0 = Release|Any CPU
		{C46999EA-5718-4A69-9544-3BC78DC06B1E}.Ad-Hoc|iPhone.Deploy.0 = Release|Any CPU
		{C46999EA-5718-4A69-9544-3BC78DC06B1E}.Ad-Hoc|iPhoneSimulator.ActiveCfg = Release|Any CPU
		{C46999EA-5718-4A69-9544-3BC78DC06B1E}.Ad-Hoc|iPhoneSimulator.Build.0 = Release|Any CPU
		{C46999EA-5718-4A69-9544-3BC78DC06B1E}.Ad-Hoc|iPhoneSimulator.Deploy.0 = Release|Any CPU
		{C46999EA-5718-4A69-9544-3BC78DC06B1E}.AppStore|Any CPU.ActiveCfg = Release|Any CPU
		{C46999EA-5718-4A69-9544-3BC78DC06B1E}.AppStore|Any CPU.Build.0 = Release|Any CPU
		{C46999EA-5718-4A69-9544-3BC78DC06B1E}.AppStore|Any CPU.Deploy.0 = Release|Any CPU
		{C46999EA-5718-4A69-9544-3BC78DC06B1E}.AppStore|iPhone.ActiveCfg = Release|Any CPU
		{C46999EA-5718-4A69-9544-3BC78DC06B1E}.AppStore|iPhone.Build.0 = Release|Any CPU
		{C46999EA-5718-4A69-9544-3BC78DC06B1E}.AppStore|iPhone.Deploy.0 = Release|Any CPU
		{C46999EA-5718-4A69-9544-3BC78DC06B1E}.AppStore|iPhoneSimulator.ActiveCfg = Release|Any CPU
		{C46999EA-5718-4A69-9544-3BC78DC06B1E}.AppStore|iPhoneSimulator.Build.0 = Release|Any CPU
		{C46999EA-5718-4A69-9544-3BC78DC06B1E}.AppStore|iPhoneSimulator.Deploy.0 = Release|Any CPU
		{C46999EA-5718-4A69-9544-3BC78DC06B1E}.Debug|Any CPU.ActiveCfg = Debug|Any CPU
		{C46999EA-5718-4A69-9544-3BC78DC06B1E}.Debug|Any CPU.Build.0 = Debug|Any CPU
		{C46999EA-5718-4A69-9544-3BC78DC06B1E}.Debug|Any CPU.Deploy.0 = Debug|Any CPU
		{C46999EA-5718-4A69-9544-3BC78DC06B1E}.Debug|iPhone.ActiveCfg = Debug|Any CPU
		{C46999EA-5718-4A69-9544-3BC78DC06B1E}.Debug|iPhone.Build.0 = Debug|Any CPU
		{C46999EA-5718-4A69-9544-3BC78DC06B1E}.Debug|iPhone.Deploy.0 = Debug|Any CPU
		{C46999EA-5718-4A69-9544-3BC78DC06B1E}.Debug|iPhoneSimulator.ActiveCfg = Debug|Any CPU
		{C46999EA-5718-4A69-9544-3BC78DC06B1E}.Debug|iPhoneSimulator.Build.0 = Debug|Any CPU
		{C46999EA-5718-4A69-9544-3BC78DC06B1E}.Debug|iPhoneSimulator.Deploy.0 = Debug|Any CPU
		{C46999EA-5718-4A69-9544-3BC78DC06B1E}.Release|Any CPU.ActiveCfg = Release|Any CPU
		{C46999EA-5718-4A69-9544-3BC78DC06B1E}.Release|Any CPU.Build.0 = Release|Any CPU
		{C46999EA-5718-4A69-9544-3BC78DC06B1E}.Release|Any CPU.Deploy.0 = Release|Any CPU
		{C46999EA-5718-4A69-9544-3BC78DC06B1E}.Release|iPhone.ActiveCfg = Release|Any CPU
		{C46999EA-5718-4A69-9544-3BC78DC06B1E}.Release|iPhone.Build.0 = Release|Any CPU
		{C46999EA-5718-4A69-9544-3BC78DC06B1E}.Release|iPhone.Deploy.0 = Release|Any CPU
		{C46999EA-5718-4A69-9544-3BC78DC06B1E}.Release|iPhoneSimulator.ActiveCfg = Release|Any CPU
		{C46999EA-5718-4A69-9544-3BC78DC06B1E}.Release|iPhoneSimulator.Build.0 = Release|Any CPU
		{C46999EA-5718-4A69-9544-3BC78DC06B1E}.Release|iPhoneSimulator.Deploy.0 = Release|Any CPU
		{B995221B-61E8-4410-8992-FBA07BE0237A}.Ad-Hoc|Any CPU.ActiveCfg = Release|Any CPU
		{B995221B-61E8-4410-8992-FBA07BE0237A}.Ad-Hoc|Any CPU.Build.0 = Release|Any CPU
		{B995221B-61E8-4410-8992-FBA07BE0237A}.Ad-Hoc|Any CPU.Deploy.0 = Release|Any CPU
		{B995221B-61E8-4410-8992-FBA07BE0237A}.Ad-Hoc|iPhone.ActiveCfg = Release|Any CPU
		{B995221B-61E8-4410-8992-FBA07BE0237A}.Ad-Hoc|iPhone.Build.0 = Release|Any CPU
		{B995221B-61E8-4410-8992-FBA07BE0237A}.Ad-Hoc|iPhone.Deploy.0 = Release|Any CPU
		{B995221B-61E8-4410-8992-FBA07BE0237A}.Ad-Hoc|iPhoneSimulator.ActiveCfg = Release|Any CPU
		{B995221B-61E8-4410-8992-FBA07BE0237A}.Ad-Hoc|iPhoneSimulator.Build.0 = Release|Any CPU
		{B995221B-61E8-4410-8992-FBA07BE0237A}.Ad-Hoc|iPhoneSimulator.Deploy.0 = Release|Any CPU
		{B995221B-61E8-4410-8992-FBA07BE0237A}.AppStore|Any CPU.ActiveCfg = Release|Any CPU
		{B995221B-61E8-4410-8992-FBA07BE0237A}.AppStore|Any CPU.Build.0 = Release|Any CPU
		{B995221B-61E8-4410-8992-FBA07BE0237A}.AppStore|Any CPU.Deploy.0 = Release|Any CPU
		{B995221B-61E8-4410-8992-FBA07BE0237A}.AppStore|iPhone.ActiveCfg = Release|Any CPU
		{B995221B-61E8-4410-8992-FBA07BE0237A}.AppStore|iPhone.Build.0 = Release|Any CPU
		{B995221B-61E8-4410-8992-FBA07BE0237A}.AppStore|iPhone.Deploy.0 = Release|Any CPU
		{B995221B-61E8-4410-8992-FBA07BE0237A}.AppStore|iPhoneSimulator.ActiveCfg = Release|Any CPU
		{B995221B-61E8-4410-8992-FBA07BE0237A}.AppStore|iPhoneSimulator.Build.0 = Release|Any CPU
		{B995221B-61E8-4410-8992-FBA07BE0237A}.AppStore|iPhoneSimulator.Deploy.0 = Release|Any CPU
		{B995221B-61E8-4410-8992-FBA07BE0237A}.Debug|Any CPU.ActiveCfg = Debug|Any CPU
		{B995221B-61E8-4410-8992-FBA07BE0237A}.Debug|Any CPU.Build.0 = Debug|Any CPU
		{B995221B-61E8-4410-8992-FBA07BE0237A}.Debug|Any CPU.Deploy.0 = Debug|Any CPU
		{B995221B-61E8-4410-8992-FBA07BE0237A}.Debug|iPhone.ActiveCfg = Debug|Any CPU
		{B995221B-61E8-4410-8992-FBA07BE0237A}.Debug|iPhone.Build.0 = Debug|Any CPU
		{B995221B-61E8-4410-8992-FBA07BE0237A}.Debug|iPhone.Deploy.0 = Debug|Any CPU
		{B995221B-61E8-4410-8992-FBA07BE0237A}.Debug|iPhoneSimulator.ActiveCfg = Debug|Any CPU
		{B995221B-61E8-4410-8992-FBA07BE0237A}.Debug|iPhoneSimulator.Build.0 = Debug|Any CPU
		{B995221B-61E8-4410-8992-FBA07BE0237A}.Debug|iPhoneSimulator.Deploy.0 = Debug|Any CPU
		{B995221B-61E8-4410-8992-FBA07BE0237A}.Release|Any CPU.ActiveCfg = Release|Any CPU
		{B995221B-61E8-4410-8992-FBA07BE0237A}.Release|Any CPU.Build.0 = Release|Any CPU
		{B995221B-61E8-4410-8992-FBA07BE0237A}.Release|Any CPU.Deploy.0 = Release|Any CPU
		{B995221B-61E8-4410-8992-FBA07BE0237A}.Release|iPhone.ActiveCfg = Release|Any CPU
		{B995221B-61E8-4410-8992-FBA07BE0237A}.Release|iPhone.Build.0 = Release|Any CPU
		{B995221B-61E8-4410-8992-FBA07BE0237A}.Release|iPhone.Deploy.0 = Release|Any CPU
		{B995221B-61E8-4410-8992-FBA07BE0237A}.Release|iPhoneSimulator.ActiveCfg = Release|Any CPU
		{B995221B-61E8-4410-8992-FBA07BE0237A}.Release|iPhoneSimulator.Build.0 = Release|Any CPU
		{B995221B-61E8-4410-8992-FBA07BE0237A}.Release|iPhoneSimulator.Deploy.0 = Release|Any CPU
		{75B46E54-7821-451F-A8D3-AF20D6917AE2}.Ad-Hoc|Any CPU.ActiveCfg = Release|Any CPU
		{75B46E54-7821-451F-A8D3-AF20D6917AE2}.Ad-Hoc|Any CPU.Build.0 = Release|Any CPU
		{75B46E54-7821-451F-A8D3-AF20D6917AE2}.Ad-Hoc|Any CPU.Deploy.0 = Release|Any CPU
		{75B46E54-7821-451F-A8D3-AF20D6917AE2}.Ad-Hoc|iPhone.ActiveCfg = Release|Any CPU
		{75B46E54-7821-451F-A8D3-AF20D6917AE2}.Ad-Hoc|iPhone.Build.0 = Release|Any CPU
		{75B46E54-7821-451F-A8D3-AF20D6917AE2}.Ad-Hoc|iPhone.Deploy.0 = Release|Any CPU
		{75B46E54-7821-451F-A8D3-AF20D6917AE2}.Ad-Hoc|iPhoneSimulator.ActiveCfg = Release|Any CPU
		{75B46E54-7821-451F-A8D3-AF20D6917AE2}.Ad-Hoc|iPhoneSimulator.Build.0 = Release|Any CPU
		{75B46E54-7821-451F-A8D3-AF20D6917AE2}.Ad-Hoc|iPhoneSimulator.Deploy.0 = Release|Any CPU
		{75B46E54-7821-451F-A8D3-AF20D6917AE2}.AppStore|Any CPU.ActiveCfg = Release|Any CPU
		{75B46E54-7821-451F-A8D3-AF20D6917AE2}.AppStore|Any CPU.Build.0 = Release|Any CPU
		{75B46E54-7821-451F-A8D3-AF20D6917AE2}.AppStore|Any CPU.Deploy.0 = Release|Any CPU
		{75B46E54-7821-451F-A8D3-AF20D6917AE2}.AppStore|iPhone.ActiveCfg = Release|Any CPU
		{75B46E54-7821-451F-A8D3-AF20D6917AE2}.AppStore|iPhone.Build.0 = Release|Any CPU
		{75B46E54-7821-451F-A8D3-AF20D6917AE2}.AppStore|iPhone.Deploy.0 = Release|Any CPU
		{75B46E54-7821-451F-A8D3-AF20D6917AE2}.AppStore|iPhoneSimulator.ActiveCfg = Release|Any CPU
		{75B46E54-7821-451F-A8D3-AF20D6917AE2}.AppStore|iPhoneSimulator.Build.0 = Release|Any CPU
		{75B46E54-7821-451F-A8D3-AF20D6917AE2}.AppStore|iPhoneSimulator.Deploy.0 = Release|Any CPU
		{75B46E54-7821-451F-A8D3-AF20D6917AE2}.Debug|Any CPU.ActiveCfg = Debug|Any CPU
		{75B46E54-7821-451F-A8D3-AF20D6917AE2}.Debug|Any CPU.Build.0 = Debug|Any CPU
		{75B46E54-7821-451F-A8D3-AF20D6917AE2}.Debug|Any CPU.Deploy.0 = Debug|Any CPU
		{75B46E54-7821-451F-A8D3-AF20D6917AE2}.Debug|iPhone.ActiveCfg = Debug|Any CPU
		{75B46E54-7821-451F-A8D3-AF20D6917AE2}.Debug|iPhone.Build.0 = Debug|Any CPU
		{75B46E54-7821-451F-A8D3-AF20D6917AE2}.Debug|iPhone.Deploy.0 = Debug|Any CPU
		{75B46E54-7821-451F-A8D3-AF20D6917AE2}.Debug|iPhoneSimulator.ActiveCfg = Debug|Any CPU
		{75B46E54-7821-451F-A8D3-AF20D6917AE2}.Debug|iPhoneSimulator.Build.0 = Debug|Any CPU
		{75B46E54-7821-451F-A8D3-AF20D6917AE2}.Debug|iPhoneSimulator.Deploy.0 = Debug|Any CPU
		{75B46E54-7821-451F-A8D3-AF20D6917AE2}.Release|Any CPU.ActiveCfg = Release|Any CPU
		{75B46E54-7821-451F-A8D3-AF20D6917AE2}.Release|Any CPU.Build.0 = Release|Any CPU
		{75B46E54-7821-451F-A8D3-AF20D6917AE2}.Release|Any CPU.Deploy.0 = Release|Any CPU
		{75B46E54-7821-451F-A8D3-AF20D6917AE2}.Release|iPhone.ActiveCfg = Release|Any CPU
		{75B46E54-7821-451F-A8D3-AF20D6917AE2}.Release|iPhone.Build.0 = Release|Any CPU
		{75B46E54-7821-451F-A8D3-AF20D6917AE2}.Release|iPhone.Deploy.0 = Release|Any CPU
		{75B46E54-7821-451F-A8D3-AF20D6917AE2}.Release|iPhoneSimulator.ActiveCfg = Release|Any CPU
		{75B46E54-7821-451F-A8D3-AF20D6917AE2}.Release|iPhoneSimulator.Build.0 = Release|Any CPU
		{75B46E54-7821-451F-A8D3-AF20D6917AE2}.Release|iPhoneSimulator.Deploy.0 = Release|Any CPU
		{C963457F-32E3-480E-87D5-8FC0CA491466}.Ad-Hoc|Any CPU.ActiveCfg = Release|Any CPU
		{C963457F-32E3-480E-87D5-8FC0CA491466}.Ad-Hoc|Any CPU.Build.0 = Release|Any CPU
		{C963457F-32E3-480E-87D5-8FC0CA491466}.Ad-Hoc|iPhone.ActiveCfg = Release|Any CPU
		{C963457F-32E3-480E-87D5-8FC0CA491466}.Ad-Hoc|iPhone.Build.0 = Release|Any CPU
		{C963457F-32E3-480E-87D5-8FC0CA491466}.Ad-Hoc|iPhoneSimulator.ActiveCfg = Release|Any CPU
		{C963457F-32E3-480E-87D5-8FC0CA491466}.Ad-Hoc|iPhoneSimulator.Build.0 = Release|Any CPU
		{C963457F-32E3-480E-87D5-8FC0CA491466}.AppStore|Any CPU.ActiveCfg = Release|Any CPU
		{C963457F-32E3-480E-87D5-8FC0CA491466}.AppStore|Any CPU.Build.0 = Release|Any CPU
		{C963457F-32E3-480E-87D5-8FC0CA491466}.AppStore|iPhone.ActiveCfg = Release|Any CPU
		{C963457F-32E3-480E-87D5-8FC0CA491466}.AppStore|iPhone.Build.0 = Release|Any CPU
		{C963457F-32E3-480E-87D5-8FC0CA491466}.AppStore|iPhoneSimulator.ActiveCfg = Release|Any CPU
		{C963457F-32E3-480E-87D5-8FC0CA491466}.AppStore|iPhoneSimulator.Build.0 = Release|Any CPU
		{C963457F-32E3-480E-87D5-8FC0CA491466}.Debug|Any CPU.ActiveCfg = Debug|Any CPU
		{C963457F-32E3-480E-87D5-8FC0CA491466}.Debug|Any CPU.Build.0 = Debug|Any CPU
		{C963457F-32E3-480E-87D5-8FC0CA491466}.Debug|iPhone.ActiveCfg = Debug|Any CPU
		{C963457F-32E3-480E-87D5-8FC0CA491466}.Debug|iPhone.Build.0 = Debug|Any CPU
		{C963457F-32E3-480E-87D5-8FC0CA491466}.Debug|iPhoneSimulator.ActiveCfg = Debug|Any CPU
		{C963457F-32E3-480E-87D5-8FC0CA491466}.Debug|iPhoneSimulator.Build.0 = Debug|Any CPU
		{C963457F-32E3-480E-87D5-8FC0CA491466}.Release|Any CPU.ActiveCfg = Release|Any CPU
		{C963457F-32E3-480E-87D5-8FC0CA491466}.Release|Any CPU.Build.0 = Release|Any CPU
		{C963457F-32E3-480E-87D5-8FC0CA491466}.Release|iPhone.ActiveCfg = Release|Any CPU
		{C963457F-32E3-480E-87D5-8FC0CA491466}.Release|iPhone.Build.0 = Release|Any CPU
		{C963457F-32E3-480E-87D5-8FC0CA491466}.Release|iPhoneSimulator.ActiveCfg = Release|Any CPU
		{C963457F-32E3-480E-87D5-8FC0CA491466}.Release|iPhoneSimulator.Build.0 = Release|Any CPU
		{B3886B1C-55A5-4E0C-A60A-967835380233}.Ad-Hoc|Any CPU.ActiveCfg = Release|Any CPU
		{B3886B1C-55A5-4E0C-A60A-967835380233}.Ad-Hoc|Any CPU.Build.0 = Release|Any CPU
		{B3886B1C-55A5-4E0C-A60A-967835380233}.Ad-Hoc|iPhone.ActiveCfg = Release|Any CPU
		{B3886B1C-55A5-4E0C-A60A-967835380233}.Ad-Hoc|iPhone.Build.0 = Release|Any CPU
		{B3886B1C-55A5-4E0C-A60A-967835380233}.Ad-Hoc|iPhoneSimulator.ActiveCfg = Release|Any CPU
		{B3886B1C-55A5-4E0C-A60A-967835380233}.Ad-Hoc|iPhoneSimulator.Build.0 = Release|Any CPU
		{B3886B1C-55A5-4E0C-A60A-967835380233}.AppStore|Any CPU.ActiveCfg = Release|Any CPU
		{B3886B1C-55A5-4E0C-A60A-967835380233}.AppStore|Any CPU.Build.0 = Release|Any CPU
		{B3886B1C-55A5-4E0C-A60A-967835380233}.AppStore|iPhone.ActiveCfg = Release|Any CPU
		{B3886B1C-55A5-4E0C-A60A-967835380233}.AppStore|iPhone.Build.0 = Release|Any CPU
		{B3886B1C-55A5-4E0C-A60A-967835380233}.AppStore|iPhoneSimulator.ActiveCfg = Release|Any CPU
		{B3886B1C-55A5-4E0C-A60A-967835380233}.AppStore|iPhoneSimulator.Build.0 = Release|Any CPU
		{B3886B1C-55A5-4E0C-A60A-967835380233}.Debug|Any CPU.ActiveCfg = Debug|Any CPU
		{B3886B1C-55A5-4E0C-A60A-967835380233}.Debug|Any CPU.Build.0 = Debug|Any CPU
		{B3886B1C-55A5-4E0C-A60A-967835380233}.Debug|iPhone.ActiveCfg = Debug|Any CPU
		{B3886B1C-55A5-4E0C-A60A-967835380233}.Debug|iPhone.Build.0 = Debug|Any CPU
		{B3886B1C-55A5-4E0C-A60A-967835380233}.Debug|iPhoneSimulator.ActiveCfg = Debug|Any CPU
		{B3886B1C-55A5-4E0C-A60A-967835380233}.Debug|iPhoneSimulator.Build.0 = Debug|Any CPU
		{B3886B1C-55A5-4E0C-A60A-967835380233}.Release|Any CPU.ActiveCfg = Release|Any CPU
		{B3886B1C-55A5-4E0C-A60A-967835380233}.Release|Any CPU.Build.0 = Release|Any CPU
		{B3886B1C-55A5-4E0C-A60A-967835380233}.Release|iPhone.ActiveCfg = Release|Any CPU
		{B3886B1C-55A5-4E0C-A60A-967835380233}.Release|iPhone.Build.0 = Release|Any CPU
		{B3886B1C-55A5-4E0C-A60A-967835380233}.Release|iPhoneSimulator.ActiveCfg = Release|Any CPU
		{B3886B1C-55A5-4E0C-A60A-967835380233}.Release|iPhoneSimulator.Build.0 = Release|Any CPU
		{75452176-0FD8-46CA-8769-AF74BE55C03C}.Ad-Hoc|Any CPU.ActiveCfg = Release|Any CPU
		{75452176-0FD8-46CA-8769-AF74BE55C03C}.Ad-Hoc|Any CPU.Build.0 = Release|Any CPU
		{75452176-0FD8-46CA-8769-AF74BE55C03C}.Ad-Hoc|iPhone.ActiveCfg = Release|Any CPU
		{75452176-0FD8-46CA-8769-AF74BE55C03C}.Ad-Hoc|iPhone.Build.0 = Release|Any CPU
		{75452176-0FD8-46CA-8769-AF74BE55C03C}.Ad-Hoc|iPhoneSimulator.ActiveCfg = Release|Any CPU
		{75452176-0FD8-46CA-8769-AF74BE55C03C}.Ad-Hoc|iPhoneSimulator.Build.0 = Release|Any CPU
		{75452176-0FD8-46CA-8769-AF74BE55C03C}.AppStore|Any CPU.ActiveCfg = Release|Any CPU
		{75452176-0FD8-46CA-8769-AF74BE55C03C}.AppStore|Any CPU.Build.0 = Release|Any CPU
		{75452176-0FD8-46CA-8769-AF74BE55C03C}.AppStore|iPhone.ActiveCfg = Release|Any CPU
		{75452176-0FD8-46CA-8769-AF74BE55C03C}.AppStore|iPhone.Build.0 = Release|Any CPU
		{75452176-0FD8-46CA-8769-AF74BE55C03C}.AppStore|iPhoneSimulator.ActiveCfg = Release|Any CPU
		{75452176-0FD8-46CA-8769-AF74BE55C03C}.AppStore|iPhoneSimulator.Build.0 = Release|Any CPU
		{75452176-0FD8-46CA-8769-AF74BE55C03C}.Debug|Any CPU.ActiveCfg = Debug|Any CPU
		{75452176-0FD8-46CA-8769-AF74BE55C03C}.Debug|Any CPU.Build.0 = Debug|Any CPU
		{75452176-0FD8-46CA-8769-AF74BE55C03C}.Debug|iPhone.ActiveCfg = Debug|Any CPU
		{75452176-0FD8-46CA-8769-AF74BE55C03C}.Debug|iPhone.Build.0 = Debug|Any CPU
		{75452176-0FD8-46CA-8769-AF74BE55C03C}.Debug|iPhoneSimulator.ActiveCfg = Debug|Any CPU
		{75452176-0FD8-46CA-8769-AF74BE55C03C}.Debug|iPhoneSimulator.Build.0 = Debug|Any CPU
		{75452176-0FD8-46CA-8769-AF74BE55C03C}.Release|Any CPU.ActiveCfg = Release|Any CPU
		{75452176-0FD8-46CA-8769-AF74BE55C03C}.Release|Any CPU.Build.0 = Release|Any CPU
		{75452176-0FD8-46CA-8769-AF74BE55C03C}.Release|iPhone.ActiveCfg = Release|Any CPU
		{75452176-0FD8-46CA-8769-AF74BE55C03C}.Release|iPhone.Build.0 = Release|Any CPU
		{75452176-0FD8-46CA-8769-AF74BE55C03C}.Release|iPhoneSimulator.ActiveCfg = Release|Any CPU
		{75452176-0FD8-46CA-8769-AF74BE55C03C}.Release|iPhoneSimulator.Build.0 = Release|Any CPU
		{F351AA75-3B80-4824-8E2A-61A9AC6BE6E5}.Ad-Hoc|Any CPU.ActiveCfg = Release|Any CPU
		{F351AA75-3B80-4824-8E2A-61A9AC6BE6E5}.Ad-Hoc|Any CPU.Build.0 = Release|Any CPU
		{F351AA75-3B80-4824-8E2A-61A9AC6BE6E5}.Ad-Hoc|iPhone.ActiveCfg = Release|Any CPU
		{F351AA75-3B80-4824-8E2A-61A9AC6BE6E5}.Ad-Hoc|iPhone.Build.0 = Release|Any CPU
		{F351AA75-3B80-4824-8E2A-61A9AC6BE6E5}.Ad-Hoc|iPhoneSimulator.ActiveCfg = Release|Any CPU
		{F351AA75-3B80-4824-8E2A-61A9AC6BE6E5}.Ad-Hoc|iPhoneSimulator.Build.0 = Release|Any CPU
		{F351AA75-3B80-4824-8E2A-61A9AC6BE6E5}.AppStore|Any CPU.ActiveCfg = Release|Any CPU
		{F351AA75-3B80-4824-8E2A-61A9AC6BE6E5}.AppStore|Any CPU.Build.0 = Release|Any CPU
		{F351AA75-3B80-4824-8E2A-61A9AC6BE6E5}.AppStore|iPhone.ActiveCfg = Release|Any CPU
		{F351AA75-3B80-4824-8E2A-61A9AC6BE6E5}.AppStore|iPhone.Build.0 = Release|Any CPU
		{F351AA75-3B80-4824-8E2A-61A9AC6BE6E5}.AppStore|iPhoneSimulator.ActiveCfg = Release|Any CPU
		{F351AA75-3B80-4824-8E2A-61A9AC6BE6E5}.AppStore|iPhoneSimulator.Build.0 = Release|Any CPU
		{F351AA75-3B80-4824-8E2A-61A9AC6BE6E5}.Debug|Any CPU.ActiveCfg = Debug|Any CPU
		{F351AA75-3B80-4824-8E2A-61A9AC6BE6E5}.Debug|Any CPU.Build.0 = Debug|Any CPU
		{F351AA75-3B80-4824-8E2A-61A9AC6BE6E5}.Debug|iPhone.ActiveCfg = Debug|Any CPU
		{F351AA75-3B80-4824-8E2A-61A9AC6BE6E5}.Debug|iPhone.Build.0 = Debug|Any CPU
		{F351AA75-3B80-4824-8E2A-61A9AC6BE6E5}.Debug|iPhoneSimulator.ActiveCfg = Debug|Any CPU
		{F351AA75-3B80-4824-8E2A-61A9AC6BE6E5}.Debug|iPhoneSimulator.Build.0 = Debug|Any CPU
		{F351AA75-3B80-4824-8E2A-61A9AC6BE6E5}.Release|Any CPU.ActiveCfg = Release|Any CPU
		{F351AA75-3B80-4824-8E2A-61A9AC6BE6E5}.Release|Any CPU.Build.0 = Release|Any CPU
		{F351AA75-3B80-4824-8E2A-61A9AC6BE6E5}.Release|iPhone.ActiveCfg = Release|Any CPU
		{F351AA75-3B80-4824-8E2A-61A9AC6BE6E5}.Release|iPhone.Build.0 = Release|Any CPU
		{F351AA75-3B80-4824-8E2A-61A9AC6BE6E5}.Release|iPhoneSimulator.ActiveCfg = Release|Any CPU
		{F351AA75-3B80-4824-8E2A-61A9AC6BE6E5}.Release|iPhoneSimulator.Build.0 = Release|Any CPU
		{6BF7578F-55F1-44D9-9956-B4E18D18C6F2}.Ad-Hoc|Any CPU.ActiveCfg = Release|Any CPU
		{6BF7578F-55F1-44D9-9956-B4E18D18C6F2}.Ad-Hoc|Any CPU.Build.0 = Release|Any CPU
		{6BF7578F-55F1-44D9-9956-B4E18D18C6F2}.Ad-Hoc|iPhone.ActiveCfg = Release|Any CPU
		{6BF7578F-55F1-44D9-9956-B4E18D18C6F2}.Ad-Hoc|iPhone.Build.0 = Release|Any CPU
		{6BF7578F-55F1-44D9-9956-B4E18D18C6F2}.Ad-Hoc|iPhoneSimulator.ActiveCfg = Release|Any CPU
		{6BF7578F-55F1-44D9-9956-B4E18D18C6F2}.Ad-Hoc|iPhoneSimulator.Build.0 = Release|Any CPU
		{6BF7578F-55F1-44D9-9956-B4E18D18C6F2}.AppStore|Any CPU.ActiveCfg = Release|Any CPU
		{6BF7578F-55F1-44D9-9956-B4E18D18C6F2}.AppStore|Any CPU.Build.0 = Release|Any CPU
		{6BF7578F-55F1-44D9-9956-B4E18D18C6F2}.AppStore|iPhone.ActiveCfg = Release|Any CPU
		{6BF7578F-55F1-44D9-9956-B4E18D18C6F2}.AppStore|iPhone.Build.0 = Release|Any CPU
		{6BF7578F-55F1-44D9-9956-B4E18D18C6F2}.AppStore|iPhoneSimulator.ActiveCfg = Release|Any CPU
		{6BF7578F-55F1-44D9-9956-B4E18D18C6F2}.AppStore|iPhoneSimulator.Build.0 = Release|Any CPU
		{6BF7578F-55F1-44D9-9956-B4E18D18C6F2}.Debug|Any CPU.ActiveCfg = Debug|Any CPU
		{6BF7578F-55F1-44D9-9956-B4E18D18C6F2}.Debug|Any CPU.Build.0 = Debug|Any CPU
		{6BF7578F-55F1-44D9-9956-B4E18D18C6F2}.Debug|iPhone.ActiveCfg = Debug|Any CPU
		{6BF7578F-55F1-44D9-9956-B4E18D18C6F2}.Debug|iPhone.Build.0 = Debug|Any CPU
		{6BF7578F-55F1-44D9-9956-B4E18D18C6F2}.Debug|iPhoneSimulator.ActiveCfg = Debug|Any CPU
		{6BF7578F-55F1-44D9-9956-B4E18D18C6F2}.Debug|iPhoneSimulator.Build.0 = Debug|Any CPU
		{6BF7578F-55F1-44D9-9956-B4E18D18C6F2}.Release|Any CPU.ActiveCfg = Release|Any CPU
		{6BF7578F-55F1-44D9-9956-B4E18D18C6F2}.Release|Any CPU.Build.0 = Release|Any CPU
		{6BF7578F-55F1-44D9-9956-B4E18D18C6F2}.Release|iPhone.ActiveCfg = Release|Any CPU
		{6BF7578F-55F1-44D9-9956-B4E18D18C6F2}.Release|iPhone.Build.0 = Release|Any CPU
		{6BF7578F-55F1-44D9-9956-B4E18D18C6F2}.Release|iPhoneSimulator.ActiveCfg = Release|Any CPU
		{6BF7578F-55F1-44D9-9956-B4E18D18C6F2}.Release|iPhoneSimulator.Build.0 = Release|Any CPU
		{35C1F0B5-90A5-45A7-BAFC-00C7AB8FDDB1}.Ad-Hoc|Any CPU.ActiveCfg = Release|Any CPU
		{35C1F0B5-90A5-45A7-BAFC-00C7AB8FDDB1}.Ad-Hoc|Any CPU.Build.0 = Release|Any CPU
		{35C1F0B5-90A5-45A7-BAFC-00C7AB8FDDB1}.Ad-Hoc|iPhone.ActiveCfg = Release|Any CPU
		{35C1F0B5-90A5-45A7-BAFC-00C7AB8FDDB1}.Ad-Hoc|iPhone.Build.0 = Release|Any CPU
		{35C1F0B5-90A5-45A7-BAFC-00C7AB8FDDB1}.Ad-Hoc|iPhoneSimulator.ActiveCfg = Release|Any CPU
		{35C1F0B5-90A5-45A7-BAFC-00C7AB8FDDB1}.Ad-Hoc|iPhoneSimulator.Build.0 = Release|Any CPU
		{35C1F0B5-90A5-45A7-BAFC-00C7AB8FDDB1}.AppStore|Any CPU.ActiveCfg = Release|Any CPU
		{35C1F0B5-90A5-45A7-BAFC-00C7AB8FDDB1}.AppStore|Any CPU.Build.0 = Release|Any CPU
		{35C1F0B5-90A5-45A7-BAFC-00C7AB8FDDB1}.AppStore|iPhone.ActiveCfg = Release|Any CPU
		{35C1F0B5-90A5-45A7-BAFC-00C7AB8FDDB1}.AppStore|iPhone.Build.0 = Release|Any CPU
		{35C1F0B5-90A5-45A7-BAFC-00C7AB8FDDB1}.AppStore|iPhoneSimulator.ActiveCfg = Release|Any CPU
		{35C1F0B5-90A5-45A7-BAFC-00C7AB8FDDB1}.AppStore|iPhoneSimulator.Build.0 = Release|Any CPU
		{35C1F0B5-90A5-45A7-BAFC-00C7AB8FDDB1}.Debug|Any CPU.ActiveCfg = Debug|Any CPU
		{35C1F0B5-90A5-45A7-BAFC-00C7AB8FDDB1}.Debug|Any CPU.Build.0 = Debug|Any CPU
		{35C1F0B5-90A5-45A7-BAFC-00C7AB8FDDB1}.Debug|iPhone.ActiveCfg = Debug|Any CPU
		{35C1F0B5-90A5-45A7-BAFC-00C7AB8FDDB1}.Debug|iPhone.Build.0 = Debug|Any CPU
		{35C1F0B5-90A5-45A7-BAFC-00C7AB8FDDB1}.Debug|iPhoneSimulator.ActiveCfg = Debug|Any CPU
		{35C1F0B5-90A5-45A7-BAFC-00C7AB8FDDB1}.Debug|iPhoneSimulator.Build.0 = Debug|Any CPU
		{35C1F0B5-90A5-45A7-BAFC-00C7AB8FDDB1}.Release|Any CPU.ActiveCfg = Release|Any CPU
		{35C1F0B5-90A5-45A7-BAFC-00C7AB8FDDB1}.Release|Any CPU.Build.0 = Release|Any CPU
		{35C1F0B5-90A5-45A7-BAFC-00C7AB8FDDB1}.Release|iPhone.ActiveCfg = Release|Any CPU
		{35C1F0B5-90A5-45A7-BAFC-00C7AB8FDDB1}.Release|iPhone.Build.0 = Release|Any CPU
		{35C1F0B5-90A5-45A7-BAFC-00C7AB8FDDB1}.Release|iPhoneSimulator.ActiveCfg = Release|Any CPU
		{35C1F0B5-90A5-45A7-BAFC-00C7AB8FDDB1}.Release|iPhoneSimulator.Build.0 = Release|Any CPU
	EndGlobalSection
	GlobalSection(SolutionProperties) = preSolution
		HideSolutionNode = FALSE
	EndGlobalSection
	GlobalSection(ExtensibilityGlobals) = postSolution
		SolutionGuid = {9DF70F2A-C39F-4B34-A8DB-FC54188BEDAE}
	EndGlobalSection
EndGlobal
